
Microsoft Visual Studio Solution File, Format Version 12.00
# Visual Studio 14
VisualStudioVersion = 14.0.23107.0
MinimumVisualStudioVersion = 10.0.40219.1
Project("{FAE04EC0-301F-11D3-BF4B-00C04F79EFBC}") = "SimplePatternMatching.AcceptanceTests", "test\SimplePatternMatching.AcceptanceTests\SimplePatternMatching.AcceptanceTests.csproj", "{B729F6C0-5CDE-4E75-B048-2E811EC799F9}"
EndProject
Project("{FAE04EC0-301F-11D3-BF4B-00C04F79EFBC}") = "SimplePatternMatching", "src\SimplePatternMatching\SimplePatternMatching.csproj", "{CC159176-C49F-49DD-BBD8-D04F946662EF}"
EndProject
Global
	GlobalSection(SolutionConfigurationPlatforms) = preSolution
		Debug|Any CPU = Debug|Any CPU
		Release|Any CPU = Release|Any CPU
	EndGlobalSection
	GlobalSection(ProjectConfigurationPlatforms) = postSolution
		{B729F6C0-5CDE-4E75-B048-2E811EC799F9}.Debug|Any CPU.ActiveCfg = Debug|Any CPU
		{B729F6C0-5CDE-4E75-B048-2E811EC799F9}.Debug|Any CPU.Build.0 = Debug|Any CPU
		{B729F6C0-5CDE-4E75-B048-2E811EC799F9}.Release|Any CPU.ActiveCfg = Release|Any CPU
		{B729F6C0-5CDE-4E75-B048-2E811EC799F9}.Release|Any CPU.Build.0 = Release|Any CPU
		{CC159176-C49F-49DD-BBD8-D04F946662EF}.Debug|Any CPU.ActiveCfg = Debug|Any CPU
		{CC159176-C49F-49DD-BBD8-D04F946662EF}.Debug|Any CPU.Build.0 = Debug|Any CPU
		{CC159176-C49F-49DD-BBD8-D04F946662EF}.Release|Any CPU.ActiveCfg = Release|Any CPU
		{CC159176-C49F-49DD-BBD8-D04F946662EF}.Release|Any CPU.Build.0 = Release|Any CPU
	EndGlobalSection
	GlobalSection(SolutionProperties) = preSolution
		HideSolutionNode = FALSE
	EndGlobalSection
EndGlobal
